{
  "object": {
    "pins": [
      {
        "package": "PromiseKit",
        "repositoryURL": "https://github.com/mxcl/PromiseKit",
        "state": {
          "branch": null,
          "revision": "cd1a9b83ab2c65965d97af964b9f661fb9f84375",
          "version": "7.0.0-alpha3"
        }
      }
    ]
  },
  "version": 1
}
